
Microsoft Visual Studio Solution File, Format Version 12.00
# Visual Studio 14
VisualStudioVersion = 14.0.23107.0
MinimumVisualStudioVersion = 10.0.40219.1
Project("{8BC9CEB8-8B4A-11D0-8D11-00A0C91BC942}") = "LintCode001APlusB", "LintCode001\LintCode001.vcxproj", "{7B53F22C-D226-4E3E-B0AD-98277E9D7D79}"
EndProject
Project("{8BC9CEB8-8B4A-11D0-8D11-00A0C91BC942}") = "LintCode002trailingZeros", "LintCode002\LintCode002.vcxproj", "{88A2AC99-8DBB-46E4-9350-C0066CDAFFD1}"
EndProject
Project("{8BC9CEB8-8B4A-11D0-8D11-00A0C91BC942}") = "LintCode003digitCounts", "LintCode003\LintCode003.vcxproj", "{EA288394-098F-46D6-AF0F-1CB0E04CDA2F}"
EndProject
Project("{8BC9CEB8-8B4A-11D0-8D11-00A0C91BC942}") = "LintCode004kthPrimeNumber", "LintCode004\LintCode004.vcxproj", "{701EBE20-848A-48FB-A9DC-636300F382EB}"
EndProject
Project("{8BC9CEB8-8B4A-11D0-8D11-00A0C91BC942}") = "LintCode005kthLargestElement", "LintCode005\LintCode005.vcxproj", "{6D52E2A9-2ADC-4943-ADDE-B334FCCDE2FE}"
EndProject
Project("{8BC9CEB8-8B4A-11D0-8D11-00A0C91BC942}") = "LintCode006mergeSortedArray", "LintCode006\LintCode006.vcxproj", "{578E81FF-EE57-4414-8451-3C853A320FB1}"
EndProject
Project("{8BC9CEB8-8B4A-11D0-8D11-00A0C91BC942}") = "LintCode007serializeAndDeserializeBinaryTree", "LintCode007\LintCode007.vcxproj", "{663F2D10-EFF7-4D2D-86F5-4A522C2BD785}"
EndProject
Project("{8BC9CEB8-8B4A-11D0-8D11-00A0C91BC942}") = "LintCode008rotateString", "LintCode008\LintCode008.vcxproj", "{4F3BFDF2-BB39-43CD-B396-7F45C0C85700}"
EndProject
Project("{8BC9CEB8-8B4A-11D0-8D11-00A0C91BC942}") = "LintCode009fizzBuzz", "LintCode009\LintCode009.vcxproj", "{FAFC1369-9B40-4857-901C-FCE11967FBE9}"
EndProject
Project("{8BC9CEB8-8B4A-11D0-8D11-00A0C91BC942}") = "LintCode010searchRange", "LintCode010\LintCode010.vcxproj", "{B721852C-59A2-4884-BFC5-DAE30EC9D87E}"
EndProject
Project("{8BC9CEB8-8B4A-11D0-8D11-00A0C91BC942}") = "LintCode011MinStack", "LintCode011\LintCode011.vcxproj", "{E2DAFFC6-A6E6-4189-9B33-21D61F71D7B8}"
EndProject
Project("{8BC9CEB8-8B4A-11D0-8D11-00A0C91BC942}") = "LintCode012strStr", "LintCode012\LintCode012.vcxproj", "{2D6D46C9-C3EF-4C43-984B-42DF0D409CAA}"
EndProject
Project("{8BC9CEB8-8B4A-11D0-8D11-00A0C91BC942}") = "LintCode013binarySearch", "LintCode013\LintCode013.vcxproj", "{3DE59F17-E8E6-4986-B5F3-9D1E14933D16}"
EndProject
Project("{8BC9CEB8-8B4A-11D0-8D11-00A0C91BC942}") = "LintCode014", "LintCode014\LintCode014.vcxproj", "{4CBB74E6-2862-4471-8F1E-46D533B0E537}"
EndProject
Global
	GlobalSection(SolutionConfigurationPlatforms) = preSolution
		Debug|x64 = Debug|x64
		Debug|x86 = Debug|x86
		Release|x64 = Release|x64
		Release|x86 = Release|x86
	EndGlobalSection
	GlobalSection(ProjectConfigurationPlatforms) = postSolution
		{7B53F22C-D226-4E3E-B0AD-98277E9D7D79}.Debug|x64.ActiveCfg = Debug|x64
		{7B53F22C-D226-4E3E-B0AD-98277E9D7D79}.Debug|x64.Build.0 = Debug|x64
		{7B53F22C-D226-4E3E-B0AD-98277E9D7D79}.Debug|x86.ActiveCfg = Debug|Win32
		{7B53F22C-D226-4E3E-B0AD-98277E9D7D79}.Debug|x86.Build.0 = Debug|Win32
		{7B53F22C-D226-4E3E-B0AD-98277E9D7D79}.Release|x64.ActiveCfg = Release|x64
		{7B53F22C-D226-4E3E-B0AD-98277E9D7D79}.Release|x64.Build.0 = Release|x64
		{7B53F22C-D226-4E3E-B0AD-98277E9D7D79}.Release|x86.ActiveCfg = Release|Win32
		{7B53F22C-D226-4E3E-B0AD-98277E9D7D79}.Release|x86.Build.0 = Release|Win32
		{88A2AC99-8DBB-46E4-9350-C0066CDAFFD1}.Debug|x64.ActiveCfg = Debug|x64
		{88A2AC99-8DBB-46E4-9350-C0066CDAFFD1}.Debug|x64.Build.0 = Debug|x64
		{88A2AC99-8DBB-46E4-9350-C0066CDAFFD1}.Debug|x86.ActiveCfg = Debug|Win32
		{88A2AC99-8DBB-46E4-9350-C0066CDAFFD1}.Debug|x86.Build.0 = Debug|Win32
		{88A2AC99-8DBB-46E4-9350-C0066CDAFFD1}.Release|x64.ActiveCfg = Release|x64
		{88A2AC99-8DBB-46E4-9350-C0066CDAFFD1}.Release|x64.Build.0 = Release|x64
		{88A2AC99-8DBB-46E4-9350-C0066CDAFFD1}.Release|x86.ActiveCfg = Release|Win32
		{88A2AC99-8DBB-46E4-9350-C0066CDAFFD1}.Release|x86.Build.0 = Release|Win32
		{EA288394-098F-46D6-AF0F-1CB0E04CDA2F}.Debug|x64.ActiveCfg = Debug|x64
		{EA288394-098F-46D6-AF0F-1CB0E04CDA2F}.Debug|x64.Build.0 = Debug|x64
		{EA288394-098F-46D6-AF0F-1CB0E04CDA2F}.Debug|x86.ActiveCfg = Debug|Win32
		{EA288394-098F-46D6-AF0F-1CB0E04CDA2F}.Debug|x86.Build.0 = Debug|Win32
		{EA288394-098F-46D6-AF0F-1CB0E04CDA2F}.Release|x64.ActiveCfg = Release|x64
		{EA288394-098F-46D6-AF0F-1CB0E04CDA2F}.Release|x64.Build.0 = Release|x64
		{EA288394-098F-46D6-AF0F-1CB0E04CDA2F}.Release|x86.ActiveCfg = Release|Win32
		{EA288394-098F-46D6-AF0F-1CB0E04CDA2F}.Release|x86.Build.0 = Release|Win32
		{701EBE20-848A-48FB-A9DC-636300F382EB}.Debug|x64.ActiveCfg = Debug|x64
		{701EBE20-848A-48FB-A9DC-636300F382EB}.Debug|x64.Build.0 = Debug|x64
		{701EBE20-848A-48FB-A9DC-636300F382EB}.Debug|x86.ActiveCfg = Debug|Win32
		{701EBE20-848A-48FB-A9DC-636300F382EB}.Debug|x86.Build.0 = Debug|Win32
		{701EBE20-848A-48FB-A9DC-636300F382EB}.Release|x64.ActiveCfg = Release|x64
		{701EBE20-848A-48FB-A9DC-636300F382EB}.Release|x64.Build.0 = Release|x64
		{701EBE20-848A-48FB-A9DC-636300F382EB}.Release|x86.ActiveCfg = Release|Win32
		{701EBE20-848A-48FB-A9DC-636300F382EB}.Release|x86.Build.0 = Release|Win32
		{6D52E2A9-2ADC-4943-ADDE-B334FCCDE2FE}.Debug|x64.ActiveCfg = Debug|x64
		{6D52E2A9-2ADC-4943-ADDE-B334FCCDE2FE}.Debug|x64.Build.0 = Debug|x64
		{6D52E2A9-2ADC-4943-ADDE-B334FCCDE2FE}.Debug|x86.ActiveCfg = Debug|Win32
		{6D52E2A9-2ADC-4943-ADDE-B334FCCDE2FE}.Debug|x86.Build.0 = Debug|Win32
		{6D52E2A9-2ADC-4943-ADDE-B334FCCDE2FE}.Release|x64.ActiveCfg = Release|x64
		{6D52E2A9-2ADC-4943-ADDE-B334FCCDE2FE}.Release|x64.Build.0 = Release|x64
		{6D52E2A9-2ADC-4943-ADDE-B334FCCDE2FE}.Release|x86.ActiveCfg = Release|Win32
		{6D52E2A9-2ADC-4943-ADDE-B334FCCDE2FE}.Release|x86.Build.0 = Release|Win32
		{578E81FF-EE57-4414-8451-3C853A320FB1}.Debug|x64.ActiveCfg = Debug|x64
		{578E81FF-EE57-4414-8451-3C853A320FB1}.Debug|x64.Build.0 = Debug|x64
		{578E81FF-EE57-4414-8451-3C853A320FB1}.Debug|x86.ActiveCfg = Debug|Win32
		{578E81FF-EE57-4414-8451-3C853A320FB1}.Debug|x86.Build.0 = Debug|Win32
		{578E81FF-EE57-4414-8451-3C853A320FB1}.Release|x64.ActiveCfg = Release|x64
		{578E81FF-EE57-4414-8451-3C853A320FB1}.Release|x64.Build.0 = Release|x64
		{578E81FF-EE57-4414-8451-3C853A320FB1}.Release|x86.ActiveCfg = Release|Win32
		{578E81FF-EE57-4414-8451-3C853A320FB1}.Release|x86.Build.0 = Release|Win32
		{663F2D10-EFF7-4D2D-86F5-4A522C2BD785}.Debug|x64.ActiveCfg = Debug|x64
		{663F2D10-EFF7-4D2D-86F5-4A522C2BD785}.Debug|x64.Build.0 = Debug|x64
		{663F2D10-EFF7-4D2D-86F5-4A522C2BD785}.Debug|x86.ActiveCfg = Debug|Win32
		{663F2D10-EFF7-4D2D-86F5-4A522C2BD785}.Debug|x86.Build.0 = Debug|Win32
		{663F2D10-EFF7-4D2D-86F5-4A522C2BD785}.Release|x64.ActiveCfg = Release|x64
		{663F2D10-EFF7-4D2D-86F5-4A522C2BD785}.Release|x64.Build.0 = Release|x64
		{663F2D10-EFF7-4D2D-86F5-4A522C2BD785}.Release|x86.ActiveCfg = Release|Win32
		{663F2D10-EFF7-4D2D-86F5-4A522C2BD785}.Release|x86.Build.0 = Release|Win32
		{4F3BFDF2-BB39-43CD-B396-7F45C0C85700}.Debug|x64.ActiveCfg = Debug|x64
		{4F3BFDF2-BB39-43CD-B396-7F45C0C85700}.Debug|x64.Build.0 = Debug|x64
		{4F3BFDF2-BB39-43CD-B396-7F45C0C85700}.Debug|x86.ActiveCfg = Debug|Win32
		{4F3BFDF2-BB39-43CD-B396-7F45C0C85700}.Debug|x86.Build.0 = Debug|Win32
		{4F3BFDF2-BB39-43CD-B396-7F45C0C85700}.Release|x64.ActiveCfg = Release|x64
		{4F3BFDF2-BB39-43CD-B396-7F45C0C85700}.Release|x64.Build.0 = Release|x64
		{4F3BFDF2-BB39-43CD-B396-7F45C0C85700}.Release|x86.ActiveCfg = Release|Win32
		{4F3BFDF2-BB39-43CD-B396-7F45C0C85700}.Release|x86.Build.0 = Release|Win32
		{FAFC1369-9B40-4857-901C-FCE11967FBE9}.Debug|x64.ActiveCfg = Debug|x64
		{FAFC1369-9B40-4857-901C-FCE11967FBE9}.Debug|x64.Build.0 = Debug|x64
		{FAFC1369-9B40-4857-901C-FCE11967FBE9}.Debug|x86.ActiveCfg = Debug|Win32
		{FAFC1369-9B40-4857-901C-FCE11967FBE9}.Debug|x86.Build.0 = Debug|Win32
		{FAFC1369-9B40-4857-901C-FCE11967FBE9}.Release|x64.ActiveCfg = Release|x64
		{FAFC1369-9B40-4857-901C-FCE11967FBE9}.Release|x64.Build.0 = Release|x64
		{FAFC1369-9B40-4857-901C-FCE11967FBE9}.Release|x86.ActiveCfg = Release|Win32
		{FAFC1369-9B40-4857-901C-FCE11967FBE9}.Release|x86.Build.0 = Release|Win32
		{B721852C-59A2-4884-BFC5-DAE30EC9D87E}.Debug|x64.ActiveCfg = Debug|x64
		{B721852C-59A2-4884-BFC5-DAE30EC9D87E}.Debug|x64.Build.0 = Debug|x64
		{B721852C-59A2-4884-BFC5-DAE30EC9D87E}.Debug|x86.ActiveCfg = Debug|Win32
		{B721852C-59A2-4884-BFC5-DAE30EC9D87E}.Debug|x86.Build.0 = Debug|Win32
		{B721852C-59A2-4884-BFC5-DAE30EC9D87E}.Release|x64.ActiveCfg = Release|x64
		{B721852C-59A2-4884-BFC5-DAE30EC9D87E}.Release|x64.Build.0 = Release|x64
		{B721852C-59A2-4884-BFC5-DAE30EC9D87E}.Release|x86.ActiveCfg = Release|Win32
		{B721852C-59A2-4884-BFC5-DAE30EC9D87E}.Release|x86.Build.0 = Release|Win32
		{E2DAFFC6-A6E6-4189-9B33-21D61F71D7B8}.Debug|x64.ActiveCfg = Debug|x64
		{E2DAFFC6-A6E6-4189-9B33-21D61F71D7B8}.Debug|x64.Build.0 = Debug|x64
		{E2DAFFC6-A6E6-4189-9B33-21D61F71D7B8}.Debug|x86.ActiveCfg = Debug|Win32
		{E2DAFFC6-A6E6-4189-9B33-21D61F71D7B8}.Debug|x86.Build.0 = Debug|Win32
		{E2DAFFC6-A6E6-4189-9B33-21D61F71D7B8}.Release|x64.ActiveCfg = Release|x64
		{E2DAFFC6-A6E6-4189-9B33-21D61F71D7B8}.Release|x64.Build.0 = Release|x64
		{E2DAFFC6-A6E6-4189-9B33-21D61F71D7B8}.Release|x86.ActiveCfg = Release|Win32
		{E2DAFFC6-A6E6-4189-9B33-21D61F71D7B8}.Release|x86.Build.0 = Release|Win32
		{2D6D46C9-C3EF-4C43-984B-42DF0D409CAA}.Debug|x64.ActiveCfg = Debug|x64
		{2D6D46C9-C3EF-4C43-984B-42DF0D409CAA}.Debug|x64.Build.0 = Debug|x64
		{2D6D46C9-C3EF-4C43-984B-42DF0D409CAA}.Debug|x86.ActiveCfg = Debug|Win32
		{2D6D46C9-C3EF-4C43-984B-42DF0D409CAA}.Debug|x86.Build.0 = Debug|Win32
		{2D6D46C9-C3EF-4C43-984B-42DF0D409CAA}.Release|x64.ActiveCfg = Release|x64
		{2D6D46C9-C3EF-4C43-984B-42DF0D409CAA}.Release|x64.Build.0 = Release|x64
		{2D6D46C9-C3EF-4C43-984B-42DF0D409CAA}.Release|x86.ActiveCfg = Release|Win32
		{2D6D46C9-C3EF-4C43-984B-42DF0D409CAA}.Release|x86.Build.0 = Release|Win32
		{3DE59F17-E8E6-4986-B5F3-9D1E14933D16}.Debug|x64.ActiveCfg = Debug|x64
		{3DE59F17-E8E6-4986-B5F3-9D1E14933D16}.Debug|x64.Build.0 = Debug|x64
		{3DE59F17-E8E6-4986-B5F3-9D1E14933D16}.Debug|x86.ActiveCfg = Debug|Win32
		{3DE59F17-E8E6-4986-B5F3-9D1E14933D16}.Debug|x86.Build.0 = Debug|Win32
		{3DE59F17-E8E6-4986-B5F3-9D1E14933D16}.Release|x64.ActiveCfg = Release|x64
		{3DE59F17-E8E6-4986-B5F3-9D1E14933D16}.Release|x64.Build.0 = Release|x64
		{3DE59F17-E8E6-4986-B5F3-9D1E14933D16}.Release|x86.ActiveCfg = Release|Win32
		{3DE59F17-E8E6-4986-B5F3-9D1E14933D16}.Release|x86.Build.0 = Release|Win32
		{4CBB74E6-2862-4471-8F1E-46D533B0E537}.Debug|x64.ActiveCfg = Debug|x64
		{4CBB74E6-2862-4471-8F1E-46D533B0E537}.Debug|x64.Build.0 = Debug|x64
		{4CBB74E6-2862-4471-8F1E-46D533B0E537}.Debug|x86.ActiveCfg = Debug|Win32
		{4CBB74E6-2862-4471-8F1E-46D533B0E537}.Debug|x86.Build.0 = Debug|Win32
		{4CBB74E6-2862-4471-8F1E-46D533B0E537}.Release|x64.ActiveCfg = Release|x64
		{4CBB74E6-2862-4471-8F1E-46D533B0E537}.Release|x64.Build.0 = Release|x64
		{4CBB74E6-2862-4471-8F1E-46D533B0E537}.Release|x86.ActiveCfg = Release|Win32
		{4CBB74E6-2862-4471-8F1E-46D533B0E537}.Release|x86.Build.0 = Release|Win32
	EndGlobalSection
	GlobalSection(SolutionProperties) = preSolution
		HideSolutionNode = FALSE
	EndGlobalSection
EndGlobal
